
Microsoft Visual Studio Solution File, Format Version 12.00
# Visual Studio Version 16
VisualStudioVersion = 16.0.33027.164
MinimumVisualStudioVersion = 10.0.40219.1
Project("{FAE04EC0-301F-11D3-BF4B-00C04F79EFBC}") = "kütüphane", "kütüphane\kütüphane.csproj", "{AEDE2763-982A-4820-A62D-2DA3F43E5B8C}"
EndProject
Global
	GlobalSection(SolutionConfigurationPlatforms) = preSolution
		Debug|Any CPU = Debug|Any CPU
		Release|Any CPU = Release|Any CPU
	EndGlobalSection
	GlobalSection(ProjectConfigurationPlatforms) = postSolution
		{AEDE2763-982A-4820-A62D-2DA3F43E5B8C}.Debug|Any CPU.ActiveCfg = Debug|Any CPU
		{AEDE2763-982A-4820-A62D-2DA3F43E5B8C}.Debug|Any CPU.Build.0 = Debug|Any CPU
		{AEDE2763-982A-4820-A62D-2DA3F43E5B8C}.Release|Any CPU.ActiveCfg = Release|Any CPU
		{AEDE2763-982A-4820-A62D-2DA3F43E5B8C}.Release|Any CPU.Build.0 = Release|Any CPU
	EndGlobalSection
	GlobalSection(SolutionProperties) = preSolution
		HideSolutionNode = FALSE
	EndGlobalSection
	GlobalSection(ExtensibilityGlobals) = postSolution
		SolutionGuid = {F1996D69-FCD3-4ACA-9DF6-B8216AC64282}
	EndGlobalSection
EndGlobal
